// !$*UTF8*$!
{
	archiveVersion = 1;
	classes = {
	};
	objectVersion = 52;
	objects = {

/* Begin PBXBuildFile section */
		7F3022D5236896BD71E8F03A /* Pods_TheCoffeeHouse.framework in Frameworks */ = {isa = PBXBuildFile; fileRef = F69221754576C9652B9F69D9 /* Pods_TheCoffeeHouse.framework */; };
		CE0BCE8B2533E19F006BE94C /* nowplay.gif in Resources */ = {isa = PBXBuildFile; fileRef = CE0BCE8A2533E19F006BE94C /* nowplay.gif */; };
		CE0BCE8D2534B72E006BE94C /* IOSDevCenters+GIF.swift in Sources */ = {isa = PBXBuildFile; fileRef = CE0BCE8C2534B72E006BE94C /* IOSDevCenters+GIF.swift */; };
		CE1926A325186BDE00E18437 /* ProductsCollectionViewCell.swift in Sources */ = {isa = PBXBuildFile; fileRef = CE1926A125186BDE00E18437 /* ProductsCollectionViewCell.swift */; };
		CE1926A425186BDE00E18437 /* ProductsCollectionViewCell.xib in Resources */ = {isa = PBXBuildFile; fileRef = CE1926A225186BDE00E18437 /* ProductsCollectionViewCell.xib */; };
		CE1B8B2C250FD2E300239BA8 /* AppDelegate.swift in Sources */ = {isa = PBXBuildFile; fileRef = CE1B8B2B250FD2E300239BA8 /* AppDelegate.swift */; };
		CE1B8B2E250FD2E300239BA8 /* SceneDelegate.swift in Sources */ = {isa = PBXBuildFile; fileRef = CE1B8B2D250FD2E300239BA8 /* SceneDelegate.swift */; };
		CE1B8B33250FD2E300239BA8 /* Main.storyboard in Resources */ = {isa = PBXBuildFile; fileRef = CE1B8B31250FD2E300239BA8 /* Main.storyboard */; };
		CE1B8B35250FD2E500239BA8 /* Assets.xcassets in Resources */ = {isa = PBXBuildFile; fileRef = CE1B8B34250FD2E500239BA8 /* Assets.xcassets */; };
		CE1B8B38250FD2E500239BA8 /* LaunchScreen.storyboard in Resources */ = {isa = PBXBuildFile; fileRef = CE1B8B36250FD2E500239BA8 /* LaunchScreen.storyboard */; };
		CE1B8B46250FD4C700239BA8 /* Extensions.swift in Sources */ = {isa = PBXBuildFile; fileRef = CE1B8B45250FD4C700239BA8 /* Extensions.swift */; };
		CE1B8B48250FD4D400239BA8 /* AuthManager.swift in Sources */ = {isa = PBXBuildFile; fileRef = CE1B8B47250FD4D400239BA8 /* AuthManager.swift */; };
		CE1B8B4A250FD4E400239BA8 /* Storage.swift in Sources */ = {isa = PBXBuildFile; fileRef = CE1B8B49250FD4E400239BA8 /* Storage.swift */; };
		CE1B8B4C250FD4F700239BA8 /* Models.swift in Sources */ = {isa = PBXBuildFile; fileRef = CE1B8B4B250FD4F700239BA8 /* Models.swift */; };
		CE1B8B51250FD5CF00239BA8 /* AccountViewController.swift in Sources */ = {isa = PBXBuildFile; fileRef = CE1B8B50250FD5CF00239BA8 /* AccountViewController.swift */; };
		CE1B8B53250FD5E200239BA8 /* StoreViewController.swift in Sources */ = {isa = PBXBuildFile; fileRef = CE1B8B52250FD5E200239BA8 /* StoreViewController.swift */; };
		CE1B8B55250FD5F500239BA8 /* OderViewController.swift in Sources */ = {isa = PBXBuildFile; fileRef = CE1B8B54250FD5F500239BA8 /* OderViewController.swift */; };
		CE1B8B57250FD60800239BA8 /* NewsViewController.swift in Sources */ = {isa = PBXBuildFile; fileRef = CE1B8B56250FD60800239BA8 /* NewsViewController.swift */; };
		CE1B8B5B250FD6C600239BA8 /* LoginViewController.swift in Sources */ = {isa = PBXBuildFile; fileRef = CE1B8B5A250FD6C600239BA8 /* LoginViewController.swift */; };
		CE1B8B5D250FD72B00239BA8 /* RegisterViewController.swift in Sources */ = {isa = PBXBuildFile; fileRef = CE1B8B5C250FD72B00239BA8 /* RegisterViewController.swift */; };
		CE1B8B5F250FDBE000239BA8 /* GoogleService-Info.plist in Resources */ = {isa = PBXBuildFile; fileRef = CE1B8B5E250FDBE000239BA8 /* GoogleService-Info.plist */; };
		CE3559E22513C85200F5B81D /* NewsTableViewCell.swift in Sources */ = {isa = PBXBuildFile; fileRef = CE3559E02513C85200F5B81D /* NewsTableViewCell.swift */; };
		CE3559E32513C85200F5B81D /* NewsTableViewCell.xib in Resources */ = {isa = PBXBuildFile; fileRef = CE3559E12513C85200F5B81D /* NewsTableViewCell.xib */; };
		CE3559E62513E4F300F5B81D /* NewsHeaderTableViewCell.swift in Sources */ = {isa = PBXBuildFile; fileRef = CE3559E42513E4F200F5B81D /* NewsHeaderTableViewCell.swift */; };
		CE3559E72513E4F300F5B81D /* NewsHeaderTableViewCell.xib in Resources */ = {isa = PBXBuildFile; fileRef = CE3559E52513E4F300F5B81D /* NewsHeaderTableViewCell.xib */; };
		CE3559EA25148A6700F5B81D /* AccountTableViewCell.swift in Sources */ = {isa = PBXBuildFile; fileRef = CE3559E825148A6700F5B81D /* AccountTableViewCell.swift */; };
		CE3559EB25148A6700F5B81D /* AccountTableViewCell.xib in Resources */ = {isa = PBXBuildFile; fileRef = CE3559E925148A6700F5B81D /* AccountTableViewCell.xib */; };
		CE4F5901252C22B800DEE77C /* ProfileViewController.swift in Sources */ = {isa = PBXBuildFile; fileRef = CE4F5900252C22B800DEE77C /* ProfileViewController.swift */; };
		CE4F5906252CCD5A00DEE77C /* UpdateFormHomeTableViewCell.swift in Sources */ = {isa = PBXBuildFile; fileRef = CE4F5904252CCD5A00DEE77C /* UpdateFormHomeTableViewCell.swift */; };
		CE4F5907252CCD5A00DEE77C /* UpdateFormHomeTableViewCell.xib in Resources */ = {isa = PBXBuildFile; fileRef = CE4F5905252CCD5A00DEE77C /* UpdateFormHomeTableViewCell.xib */; };
		CE4F590A252CCD6B00DEE77C /* CoffeeLoveTableViewCell.swift in Sources */ = {isa = PBXBuildFile; fileRef = CE4F5908252CCD6B00DEE77C /* CoffeeLoveTableViewCell.swift */; };
		CE4F590B252CCD6B00DEE77C /* CoffeeLoveTableViewCell.xib in Resources */ = {isa = PBXBuildFile; fileRef = CE4F5909252CCD6B00DEE77C /* CoffeeLoveTableViewCell.xib */; };
		CE78DBD32525B9770010AE97 /* DBManager.swift in Sources */ = {isa = PBXBuildFile; fileRef = CE78DBD22525B9770010AE97 /* DBManager.swift */; };
		CE8DD7022510EDCF0071B66F /* SecondLoginViewController.swift in Sources */ = {isa = PBXBuildFile; fileRef = CE8DD7012510EDCF0071B66F /* SecondLoginViewController.swift */; };
		CEC18B2525388A8400AB857E /* FacebookShare in Frameworks */ = {isa = PBXBuildFile; productRef = CEC18B2425388A8400AB857E /* FacebookShare */; };
		CEC18B2725388A8400AB857E /* FacebookCore in Frameworks */ = {isa = PBXBuildFile; productRef = CEC18B2625388A8400AB857E /* FacebookCore */; };
		CEC18B2925388A8400AB857E /* FacebookLogin in Frameworks */ = {isa = PBXBuildFile; productRef = CEC18B2825388A8400AB857E /* FacebookLogin */; };
		CEC18B70253990CB00AB857E /* LoginEmailViewController.swift in Sources */ = {isa = PBXBuildFile; fileRef = CEC18B6F253990CB00AB857E /* LoginEmailViewController.swift */; };
		CEC18B722539A04B00AB857E /* ForgotPassEmailViewController.swift in Sources */ = {isa = PBXBuildFile; fileRef = CEC18B712539A04B00AB857E /* ForgotPassEmailViewController.swift */; };
		CEE8646125135271003A5B8E /* ItemsNewsCollectionViewCell.swift in Sources */ = {isa = PBXBuildFile; fileRef = CEE8645F25135271003A5B8E /* ItemsNewsCollectionViewCell.swift */; };
		CEE8646225135271003A5B8E /* ItemsNewsCollectionViewCell.xib in Resources */ = {isa = PBXBuildFile; fileRef = CEE8646025135271003A5B8E /* ItemsNewsCollectionViewCell.xib */; };
		CEE864702513868D003A5B8E /* HeaderInfoTableViewCell.swift in Sources */ = {isa = PBXBuildFile; fileRef = CEE8646E2513868D003A5B8E /* HeaderInfoTableViewCell.swift */; };
		CEE864712513868D003A5B8E /* HeaderInfoTableViewCell.xib in Resources */ = {isa = PBXBuildFile; fileRef = CEE8646F2513868D003A5B8E /* HeaderInfoTableViewCell.xib */; };
		CEFC5B9C252DAA2C00369CA5 /* MusicTableViewCell.swift in Sources */ = {isa = PBXBuildFile; fileRef = CEFC5B9A252DAA2C00369CA5 /* MusicTableViewCell.swift */; };
		CEFC5B9D252DAA2C00369CA5 /* MusicTableViewCell.xib in Resources */ = {isa = PBXBuildFile; fileRef = CEFC5B9B252DAA2C00369CA5 /* MusicTableViewCell.xib */; };
		CEFC5BA0252DAE7400369CA5 /* IntroduceTableViewCell.swift in Sources */ = {isa = PBXBuildFile; fileRef = CEFC5B9E252DAE7300369CA5 /* IntroduceTableViewCell.swift */; };
		CEFC5BA1252DAE7400369CA5 /* IntroduceTableViewCell.xib in Resources */ = {isa = PBXBuildFile; fileRef = CEFC5B9F252DAE7400369CA5 /* IntroduceTableViewCell.xib */; };
/* End PBXBuildFile section */

/* Begin PBXFileReference section */
		699BE6662A6BFB9DE928C02B /* Pods-TheCoffeeHouse.debug.xcconfig */ = {isa = PBXFileReference; includeInIndex = 1; lastKnownFileType = text.xcconfig; name = "Pods-TheCoffeeHouse.debug.xcconfig"; path = "Target Support Files/Pods-TheCoffeeHouse/Pods-TheCoffeeHouse.debug.xcconfig"; sourceTree = "<group>"; };
		6F6AD15C090CA089D1DE53B1 /* Pods-TheCoffeeHouse.release.xcconfig */ = {isa = PBXFileReference; includeInIndex = 1; lastKnownFileType = text.xcconfig; name = "Pods-TheCoffeeHouse.release.xcconfig"; path = "Target Support Files/Pods-TheCoffeeHouse/Pods-TheCoffeeHouse.release.xcconfig"; sourceTree = "<group>"; };
		CE0BCE8A2533E19F006BE94C /* nowplay.gif */ = {isa = PBXFileReference; lastKnownFileType = image.gif; path = nowplay.gif; sourceTree = "<group>"; };
		CE0BCE8C2534B72E006BE94C /* IOSDevCenters+GIF.swift */ = {isa = PBXFileReference; lastKnownFileType = sourcecode.swift; path = "IOSDevCenters+GIF.swift"; sourceTree = "<group>"; };
		CE1926A125186BDE00E18437 /* ProductsCollectionViewCell.swift */ = {isa = PBXFileReference; lastKnownFileType = sourcecode.swift; path = ProductsCollectionViewCell.swift; sourceTree = "<group>"; };
		CE1926A225186BDE00E18437 /* ProductsCollectionViewCell.xib */ = {isa = PBXFileReference; lastKnownFileType = file.xib; path = ProductsCollectionViewCell.xib; sourceTree = "<group>"; };
		CE1B8B28250FD2E200239BA8 /* TheCoffeeHouse.app */ = {isa = PBXFileReference; explicitFileType = wrapper.application; includeInIndex = 0; path = TheCoffeeHouse.app; sourceTree = BUILT_PRODUCTS_DIR; };
		CE1B8B2B250FD2E300239BA8 /* AppDelegate.swift */ = {isa = PBXFileReference; lastKnownFileType = sourcecode.swift; path = AppDelegate.swift; sourceTree = "<group>"; };
		CE1B8B2D250FD2E300239BA8 /* SceneDelegate.swift */ = {isa = PBXFileReference; lastKnownFileType = sourcecode.swift; path = SceneDelegate.swift; sourceTree = "<group>"; };
		CE1B8B32250FD2E300239BA8 /* Base */ = {isa = PBXFileReference; lastKnownFileType = file.storyboard; name = Base; path = Base.lproj/Main.storyboard; sourceTree = "<group>"; };
		CE1B8B34250FD2E500239BA8 /* Assets.xcassets */ = {isa = PBXFileReference; lastKnownFileType = folder.assetcatalog; path = Assets.xcassets; sourceTree = "<group>"; };
		CE1B8B37250FD2E500239BA8 /* Base */ = {isa = PBXFileReference; lastKnownFileType = file.storyboard; name = Base; path = Base.lproj/LaunchScreen.storyboard; sourceTree = "<group>"; };
		CE1B8B39250FD2E500239BA8 /* Info.plist */ = {isa = PBXFileReference; lastKnownFileType = text.plist.xml; path = Info.plist; sourceTree = "<group>"; };
		CE1B8B45250FD4C700239BA8 /* Extensions.swift */ = {isa = PBXFileReference; lastKnownFileType = sourcecode.swift; path = Extensions.swift; sourceTree = "<group>"; };
		CE1B8B47250FD4D400239BA8 /* AuthManager.swift */ = {isa = PBXFileReference; lastKnownFileType = sourcecode.swift; path = AuthManager.swift; sourceTree = "<group>"; };
		CE1B8B49250FD4E400239BA8 /* Storage.swift */ = {isa = PBXFileReference; lastKnownFileType = sourcecode.swift; path = Storage.swift; sourceTree = "<group>"; };
		CE1B8B4B250FD4F700239BA8 /* Models.swift */ = {isa = PBXFileReference; lastKnownFileType = sourcecode.swift; path = Models.swift; sourceTree = "<group>"; };
		CE1B8B50250FD5CF00239BA8 /* AccountViewController.swift */ = {isa = PBXFileReference; lastKnownFileType = sourcecode.swift; name = AccountViewController.swift; path = "../New Group/AccountViewController.swift"; sourceTree = "<group>"; };
		CE1B8B52250FD5E200239BA8 /* StoreViewController.swift */ = {isa = PBXFileReference; lastKnownFileType = sourcecode.swift; path = StoreViewController.swift; sourceTree = "<group>"; };
		CE1B8B54250FD5F500239BA8 /* OderViewController.swift */ = {isa = PBXFileReference; lastKnownFileType = sourcecode.swift; path = OderViewController.swift; sourceTree = "<group>"; };
		CE1B8B56250FD60800239BA8 /* NewsViewController.swift */ = {isa = PBXFileReference; lastKnownFileType = sourcecode.swift; path = NewsViewController.swift; sourceTree = "<group>"; };
		CE1B8B5A250FD6C600239BA8 /* LoginViewController.swift */ = {isa = PBXFileReference; lastKnownFileType = sourcecode.swift; path = LoginViewController.swift; sourceTree = "<group>"; };
		CE1B8B5C250FD72B00239BA8 /* RegisterViewController.swift */ = {isa = PBXFileReference; lastKnownFileType = sourcecode.swift; path = RegisterViewController.swift; sourceTree = "<group>"; };
		CE1B8B5E250FDBE000239BA8 /* GoogleService-Info.plist */ = {isa = PBXFileReference; fileEncoding = 4; lastKnownFileType = text.plist.xml; path = "GoogleService-Info.plist"; sourceTree = "<group>"; };
		CE3559E02513C85200F5B81D /* NewsTableViewCell.swift */ = {isa = PBXFileReference; lastKnownFileType = sourcecode.swift; path = NewsTableViewCell.swift; sourceTree = "<group>"; };
		CE3559E12513C85200F5B81D /* NewsTableViewCell.xib */ = {isa = PBXFileReference; lastKnownFileType = file.xib; path = NewsTableViewCell.xib; sourceTree = "<group>"; };
		CE3559E42513E4F200F5B81D /* NewsHeaderTableViewCell.swift */ = {isa = PBXFileReference; lastKnownFileType = sourcecode.swift; path = NewsHeaderTableViewCell.swift; sourceTree = "<group>"; };
		CE3559E52513E4F300F5B81D /* NewsHeaderTableViewCell.xib */ = {isa = PBXFileReference; lastKnownFileType = file.xib; path = NewsHeaderTableViewCell.xib; sourceTree = "<group>"; };
		CE3559E825148A6700F5B81D /* AccountTableViewCell.swift */ = {isa = PBXFileReference; lastKnownFileType = sourcecode.swift; path = AccountTableViewCell.swift; sourceTree = "<group>"; };
		CE3559E925148A6700F5B81D /* AccountTableViewCell.xib */ = {isa = PBXFileReference; lastKnownFileType = file.xib; path = AccountTableViewCell.xib; sourceTree = "<group>"; };
		CE4F5900252C22B800DEE77C /* ProfileViewController.swift */ = {isa = PBXFileReference; lastKnownFileType = sourcecode.swift; path = ProfileViewController.swift; sourceTree = "<group>"; };
		CE4F5904252CCD5A00DEE77C /* UpdateFormHomeTableViewCell.swift */ = {isa = PBXFileReference; lastKnownFileType = sourcecode.swift; path = UpdateFormHomeTableViewCell.swift; sourceTree = "<group>"; };
		CE4F5905252CCD5A00DEE77C /* UpdateFormHomeTableViewCell.xib */ = {isa = PBXFileReference; lastKnownFileType = file.xib; path = UpdateFormHomeTableViewCell.xib; sourceTree = "<group>"; };
		CE4F5908252CCD6B00DEE77C /* CoffeeLoveTableViewCell.swift */ = {isa = PBXFileReference; lastKnownFileType = sourcecode.swift; path = CoffeeLoveTableViewCell.swift; sourceTree = "<group>"; };
		CE4F5909252CCD6B00DEE77C /* CoffeeLoveTableViewCell.xib */ = {isa = PBXFileReference; lastKnownFileType = file.xib; path = CoffeeLoveTableViewCell.xib; sourceTree = "<group>"; };
		CE78DBD22525B9770010AE97 /* DBManager.swift */ = {isa = PBXFileReference; lastKnownFileType = sourcecode.swift; path = DBManager.swift; sourceTree = "<group>"; };
		CE8DD7012510EDCF0071B66F /* SecondLoginViewController.swift */ = {isa = PBXFileReference; lastKnownFileType = sourcecode.swift; path = SecondLoginViewController.swift; sourceTree = "<group>"; };
		CEC18B6F253990CB00AB857E /* LoginEmailViewController.swift */ = {isa = PBXFileReference; lastKnownFileType = sourcecode.swift; path = LoginEmailViewController.swift; sourceTree = "<group>"; };
		CEC18B712539A04B00AB857E /* ForgotPassEmailViewController.swift */ = {isa = PBXFileReference; lastKnownFileType = sourcecode.swift; path = ForgotPassEmailViewController.swift; sourceTree = "<group>"; };
		CEE8645F25135271003A5B8E /* ItemsNewsCollectionViewCell.swift */ = {isa = PBXFileReference; lastKnownFileType = sourcecode.swift; path = ItemsNewsCollectionViewCell.swift; sourceTree = "<group>"; };
		CEE8646025135271003A5B8E /* ItemsNewsCollectionViewCell.xib */ = {isa = PBXFileReference; lastKnownFileType = file.xib; path = ItemsNewsCollectionViewCell.xib; sourceTree = "<group>"; };
		CEE8646E2513868D003A5B8E /* HeaderInfoTableViewCell.swift */ = {isa = PBXFileReference; lastKnownFileType = sourcecode.swift; path = HeaderInfoTableViewCell.swift; sourceTree = "<group>"; };
		CEE8646F2513868D003A5B8E /* HeaderInfoTableViewCell.xib */ = {isa = PBXFileReference; lastKnownFileType = file.xib; path = HeaderInfoTableViewCell.xib; sourceTree = "<group>"; };
		CEFC5B9A252DAA2C00369CA5 /* MusicTableViewCell.swift */ = {isa = PBXFileReference; lastKnownFileType = sourcecode.swift; path = MusicTableViewCell.swift; sourceTree = "<group>"; };
		CEFC5B9B252DAA2C00369CA5 /* MusicTableViewCell.xib */ = {isa = PBXFileReference; lastKnownFileType = file.xib; path = MusicTableViewCell.xib; sourceTree = "<group>"; };
		CEFC5B9E252DAE7300369CA5 /* IntroduceTableViewCell.swift */ = {isa = PBXFileReference; lastKnownFileType = sourcecode.swift; path = IntroduceTableViewCell.swift; sourceTree = "<group>"; };
		CEFC5B9F252DAE7400369CA5 /* IntroduceTableViewCell.xib */ = {isa = PBXFileReference; lastKnownFileType = file.xib; path = IntroduceTableViewCell.xib; sourceTree = "<group>"; };
		F69221754576C9652B9F69D9 /* Pods_TheCoffeeHouse.framework */ = {isa = PBXFileReference; explicitFileType = wrapper.framework; includeInIndex = 0; path = Pods_TheCoffeeHouse.framework; sourceTree = BUILT_PRODUCTS_DIR; };
/* End PBXFileReference section */

/* Begin PBXFrameworksBuildPhase section */
		CE1B8B25250FD2E200239BA8 /* Frameworks */ = {
			isa = PBXFrameworksBuildPhase;
			buildActionMask = 2147483647;
			files = (
				CEC18B2925388A8400AB857E /* FacebookLogin in Frameworks */,
				CEC18B2525388A8400AB857E /* FacebookShare in Frameworks */,
				CEC18B2725388A8400AB857E /* FacebookCore in Frameworks */,
				7F3022D5236896BD71E8F03A /* Pods_TheCoffeeHouse.framework in Frameworks */,
			);
			runOnlyForDeploymentPostprocessing = 0;
		};
/* End PBXFrameworksBuildPhase section */

/* Begin PBXGroup section */
		37CCB2B784F2C3153DF9B01C /* Frameworks */ = {
			isa = PBXGroup;
			children = (
				F69221754576C9652B9F69D9 /* Pods_TheCoffeeHouse.framework */,
			);
			name = Frameworks;
			sourceTree = "<group>";
		};
		CE1B8B1F250FD2E200239BA8 = {
			isa = PBXGroup;
			children = (
				CE1B8B2A250FD2E200239BA8 /* TheCoffeeHouse */,
				CE1B8B29250FD2E200239BA8 /* Products */,
				CE2378674A0300E67FC0572A /* Pods */,
				37CCB2B784F2C3153DF9B01C /* Frameworks */,
			);
			sourceTree = "<group>";
		};
		CE1B8B29250FD2E200239BA8 /* Products */ = {
			isa = PBXGroup;
			children = (
				CE1B8B28250FD2E200239BA8 /* TheCoffeeHouse.app */,
			);
			name = Products;
			sourceTree = "<group>";
		};
		CE1B8B2A250FD2E200239BA8 /* TheCoffeeHouse */ = {
			isa = PBXGroup;
			children = (
				CE1B8B3F250FD32B00239BA8 /* Resources */,
				CE1B8B41250FD34000239BA8 /* Models */,
				CE1B8B40250FD33700239BA8 /* Views */,
				CE1B8B42250FD35800239BA8 /* Controller */,
				CE1B8B39250FD2E500239BA8 /* Info.plist */,
			);
			path = TheCoffeeHouse;
			sourceTree = "<group>";
		};
		CE1B8B3F250FD32B00239BA8 /* Resources */ = {
			isa = PBXGroup;
			children = (
				CE1B8B5E250FDBE000239BA8 /* GoogleService-Info.plist */,
				CE1B8B2B250FD2E300239BA8 /* AppDelegate.swift */,
				CE1B8B2D250FD2E300239BA8 /* SceneDelegate.swift */,
				CE1B8B45250FD4C700239BA8 /* Extensions.swift */,
				CE1B8B47250FD4D400239BA8 /* AuthManager.swift */,
				CE1B8B49250FD4E400239BA8 /* Storage.swift */,
				CE78DBD22525B9770010AE97 /* DBManager.swift */,
				CE0BCE8C2534B72E006BE94C /* IOSDevCenters+GIF.swift */,
			);
			path = Resources;
			sourceTree = "<group>";
		};
		CE1B8B40250FD33700239BA8 /* Views */ = {
			isa = PBXGroup;
			children = (
				CE0BCE8A2533E19F006BE94C /* nowplay.gif */,
				CE1B8B34250FD2E500239BA8 /* Assets.xcassets */,
				CE1B8B4D250FD50C00239BA8 /* CollectionViewHeaders */,
				CE1B8B44250FD39B00239BA8 /* Cell */,
				CE1B8B43250FD36C00239BA8 /* Storybroads */,
			);
			path = Views;
			sourceTree = "<group>";
		};
		CE1B8B41250FD34000239BA8 /* Models */ = {
			isa = PBXGroup;
			children = (
				CE1B8B4B250FD4F700239BA8 /* Models.swift */,
			);
			path = Models;
			sourceTree = "<group>";
		};
		CE1B8B42250FD35800239BA8 /* Controller */ = {
			isa = PBXGroup;
			children = (
				CE1B8B4F250FD57D00239BA8 /* Other */,
				CE1B8B4E250FD56900239BA8 /* CoreTabs */,
			);
			path = Controller;
			sourceTree = "<group>";
		};
		CE1B8B43250FD36C00239BA8 /* Storybroads */ = {
			isa = PBXGroup;
			children = (
				CE1B8B31250FD2E300239BA8 /* Main.storyboard */,
				CE1B8B36250FD2E500239BA8 /* LaunchScreen.storyboard */,
			);
			path = Storybroads;
			sourceTree = "<group>";
		};
		CE1B8B44250FD39B00239BA8 /* Cell */ = {
			isa = PBXGroup;
			children = (
				CEDBE7ED251983060018F8B1 /* Account */,
				CEDBE7EC251982E40018F8B1 /* News */,
				CEDBE7EB251982D50018F8B1 /* Oder */,
			);
			path = Cell;
			sourceTree = "<group>";
		};
		CE1B8B4D250FD50C00239BA8 /* CollectionViewHeaders */ = {
			isa = PBXGroup;
			children = (
				CE3559E42513E4F200F5B81D /* NewsHeaderTableViewCell.swift */,
				CE3559E52513E4F300F5B81D /* NewsHeaderTableViewCell.xib */,
				CEE8646325135A9A003A5B8E /* HeaderCell */,
			);
			path = CollectionViewHeaders;
			sourceTree = "<group>";
		};
		CE1B8B4E250FD56900239BA8 /* CoreTabs */ = {
			isa = PBXGroup;
			children = (
				CE4F58FF252C228B00DEE77C /* ACCOUNT */,
				CE1B8B56250FD60800239BA8 /* NewsViewController.swift */,
				CE1B8B54250FD5F500239BA8 /* OderViewController.swift */,
				CE1B8B52250FD5E200239BA8 /* StoreViewController.swift */,
			);
			path = CoreTabs;
			sourceTree = "<group>";
		};
		CE1B8B4F250FD57D00239BA8 /* Other */ = {
			isa = PBXGroup;
			children = (
				CE1B8B59250FD6AC00239BA8 /* Onboarding */,
				CE1B8B58250FD63300239BA8 /* General */,
			);
			path = Other;
			sourceTree = "<group>";
		};
		CE1B8B58250FD63300239BA8 /* General */ = {
			isa = PBXGroup;
			children = (
			);
			path = General;
			sourceTree = "<group>";
		};
		CE1B8B59250FD6AC00239BA8 /* Onboarding */ = {
			isa = PBXGroup;
			children = (
				CE1B8B5A250FD6C600239BA8 /* LoginViewController.swift */,
				CE1B8B5C250FD72B00239BA8 /* RegisterViewController.swift */,
				CE8DD7012510EDCF0071B66F /* SecondLoginViewController.swift */,
				CEC18B6F253990CB00AB857E /* LoginEmailViewController.swift */,
				CEC18B712539A04B00AB857E /* ForgotPassEmailViewController.swift */,
			);
			path = Onboarding;
			sourceTree = "<group>";
		};
		CE2378674A0300E67FC0572A /* Pods */ = {
			isa = PBXGroup;
			children = (
				699BE6662A6BFB9DE928C02B /* Pods-TheCoffeeHouse.debug.xcconfig */,
				6F6AD15C090CA089D1DE53B1 /* Pods-TheCoffeeHouse.release.xcconfig */,
			);
			path = Pods;
			sourceTree = "<group>";
		};
		CE4F58FF252C228B00DEE77C /* ACCOUNT */ = {
			isa = PBXGroup;
			children = (
				CE1B8B50250FD5CF00239BA8 /* AccountViewController.swift */,
				CE4F5900252C22B800DEE77C /* ProfileViewController.swift */,
			);
			path = ACCOUNT;
			sourceTree = "<group>";
		};
		CEDBE7EB251982D50018F8B1 /* Oder */ = {
			isa = PBXGroup;
			children = (
				CE1926A125186BDE00E18437 /* ProductsCollectionViewCell.swift */,
				CE1926A225186BDE00E18437 /* ProductsCollectionViewCell.xib */,
			);
			path = Oder;
			sourceTree = "<group>";
		};
		CEDBE7EC251982E40018F8B1 /* News */ = {
			isa = PBXGroup;
			children = (
				CE3559E02513C85200F5B81D /* NewsTableViewCell.swift */,
				CE3559E12513C85200F5B81D /* NewsTableViewCell.xib */,
				CEE8645F25135271003A5B8E /* ItemsNewsCollectionViewCell.swift */,
				CEE8646025135271003A5B8E /* ItemsNewsCollectionViewCell.xib */,
				CE4F5904252CCD5A00DEE77C /* UpdateFormHomeTableViewCell.swift */,
				CE4F5905252CCD5A00DEE77C /* UpdateFormHomeTableViewCell.xib */,
				CE4F5908252CCD6B00DEE77C /* CoffeeLoveTableViewCell.swift */,
				CE4F5909252CCD6B00DEE77C /* CoffeeLoveTableViewCell.xib */,
				CEFC5B9A252DAA2C00369CA5 /* MusicTableViewCell.swift */,
				CEFC5B9B252DAA2C00369CA5 /* MusicTableViewCell.xib */,
				CEFC5B9E252DAE7300369CA5 /* IntroduceTableViewCell.swift */,
				CEFC5B9F252DAE7400369CA5 /* IntroduceTableViewCell.xib */,
			);
			path = News;
			sourceTree = "<group>";
		};
		CEDBE7ED251983060018F8B1 /* Account */ = {
			isa = PBXGroup;
			children = (
				CE3559E825148A6700F5B81D /* AccountTableViewCell.swift */,
				CE3559E925148A6700F5B81D /* AccountTableViewCell.xib */,
			);
			path = Account;
			sourceTree = "<group>";
		};
		CEE8646325135A9A003A5B8E /* HeaderCell */ = {
			isa = PBXGroup;
			children = (
				CEE8646E2513868D003A5B8E /* HeaderInfoTableViewCell.swift */,
				CEE8646F2513868D003A5B8E /* HeaderInfoTableViewCell.xib */,
			);
			path = HeaderCell;
			sourceTree = "<group>";
		};
/* End PBXGroup section */

/* Begin PBXNativeTarget section */
		CE1B8B27250FD2E200239BA8 /* TheCoffeeHouse */ = {
			isa = PBXNativeTarget;
			buildConfigurationList = CE1B8B3C250FD2E500239BA8 /* Build configuration list for PBXNativeTarget "TheCoffeeHouse" */;
			buildPhases = (
				8446DA93C1B58A8339663542 /* [CP] Check Pods Manifest.lock */,
				CE1B8B24250FD2E200239BA8 /* Sources */,
				CE1B8B25250FD2E200239BA8 /* Frameworks */,
				CE1B8B26250FD2E200239BA8 /* Resources */,
				9F28B70236C0B6643F04AE0C /* [CP] Embed Pods Frameworks */,
			);
			buildRules = (
			);
			dependencies = (
			);
			name = TheCoffeeHouse;
			packageProductDependencies = (
				CEC18B2425388A8400AB857E /* FacebookShare */,
				CEC18B2625388A8400AB857E /* FacebookCore */,
				CEC18B2825388A8400AB857E /* FacebookLogin */,
			);
			productName = TheCoffeeHouse;
			productReference = CE1B8B28250FD2E200239BA8 /* TheCoffeeHouse.app */;
			productType = "com.apple.product-type.application";
		};
/* End PBXNativeTarget section */

/* Begin PBXProject section */
		CE1B8B20250FD2E200239BA8 /* Project object */ = {
			isa = PBXProject;
			attributes = {
				LastSwiftUpdateCheck = 1130;
				LastUpgradeCheck = 1130;
				ORGANIZATIONNAME = namtrinh;
				TargetAttributes = {
					CE1B8B27250FD2E200239BA8 = {
						CreatedOnToolsVersion = 11.3.1;
					};
				};
			};
			buildConfigurationList = CE1B8B23250FD2E200239BA8 /* Build configuration list for PBXProject "TheCoffeeHouse" */;
			compatibilityVersion = "Xcode 9.3";
			developmentRegion = en;
			hasScannedForEncodings = 0;
			knownRegions = (
				en,
				Base,
			);
			mainGroup = CE1B8B1F250FD2E200239BA8;
			packageReferences = (
				CEC18B2325388A8400AB857E /* XCRemoteSwiftPackageReference "facebook-ios-sdk" */,
			);
			productRefGroup = CE1B8B29250FD2E200239BA8 /* Products */;
			projectDirPath = "";
			projectRoot = "";
			targets = (
				CE1B8B27250FD2E200239BA8 /* TheCoffeeHouse */,
			);
		};
/* End PBXProject section */

/* Begin PBXResourcesBuildPhase section */
		CE1B8B26250FD2E200239BA8 /* Resources */ = {
			isa = PBXResourcesBuildPhase;
			buildActionMask = 2147483647;
			files = (
				CEE8646225135271003A5B8E /* ItemsNewsCollectionViewCell.xib in Resources */,
				CE3559EB25148A6700F5B81D /* AccountTableViewCell.xib in Resources */,
				CE1926A425186BDE00E18437 /* ProductsCollectionViewCell.xib in Resources */,
				CEE864712513868D003A5B8E /* HeaderInfoTableViewCell.xib in Resources */,
				CE4F5907252CCD5A00DEE77C /* UpdateFormHomeTableViewCell.xib in Resources */,
				CE4F590B252CCD6B00DEE77C /* CoffeeLoveTableViewCell.xib in Resources */,
				CE1B8B38250FD2E500239BA8 /* LaunchScreen.storyboard in Resources */,
				CE1B8B35250FD2E500239BA8 /* Assets.xcassets in Resources */,
				CE1B8B33250FD2E300239BA8 /* Main.storyboard in Resources */,
				CE3559E72513E4F300F5B81D /* NewsHeaderTableViewCell.xib in Resources */,
				CE3559E32513C85200F5B81D /* NewsTableViewCell.xib in Resources */,
				CE0BCE8B2533E19F006BE94C /* nowplay.gif in Resources */,
				CEFC5BA1252DAE7400369CA5 /* IntroduceTableViewCell.xib in Resources */,
				CE1B8B5F250FDBE000239BA8 /* GoogleService-Info.plist in Resources */,
				CEFC5B9D252DAA2C00369CA5 /* MusicTableViewCell.xib in Resources */,
			);
			runOnlyForDeploymentPostprocessing = 0;
		};
/* End PBXResourcesBuildPhase section */

/* Begin PBXShellScriptBuildPhase section */
		8446DA93C1B58A8339663542 /* [CP] Check Pods Manifest.lock */ = {
			isa = PBXShellScriptBuildPhase;
			buildActionMask = 2147483647;
			files = (
			);
			inputFileListPaths = (
			);
			inputPaths = (
				"${PODS_PODFILE_DIR_PATH}/Podfile.lock",
				"${PODS_ROOT}/Manifest.lock",
			);
			name = "[CP] Check Pods Manifest.lock";
			outputFileListPaths = (
			);
			outputPaths = (
				"$(DERIVED_FILE_DIR)/Pods-TheCoffeeHouse-checkManifestLockResult.txt",
			);
			runOnlyForDeploymentPostprocessing = 0;
			shellPath = /bin/sh;
			shellScript = "diff \"${PODS_PODFILE_DIR_PATH}/Podfile.lock\" \"${PODS_ROOT}/Manifest.lock\" > /dev/null\nif [ $? != 0 ] ; then\n    # print error to STDERR\n    echo \"error: The sandbox is not in sync with the Podfile.lock. Run 'pod install' or update your CocoaPods installation.\" >&2\n    exit 1\nfi\n# This output is used by Xcode 'outputs' to avoid re-running this script phase.\necho \"SUCCESS\" > \"${SCRIPT_OUTPUT_FILE_0}\"\n";
			showEnvVarsInLog = 0;
		};
		9F28B70236C0B6643F04AE0C /* [CP] Embed Pods Frameworks */ = {
			isa = PBXShellScriptBuildPhase;
			buildActionMask = 2147483647;
			files = (
			);
			inputFileListPaths = (
				"${PODS_ROOT}/Target Support Files/Pods-TheCoffeeHouse/Pods-TheCoffeeHouse-frameworks-${CONFIGURATION}-input-files.xcfilelist",
			);
			name = "[CP] Embed Pods Frameworks";
			outputFileListPaths = (
				"${PODS_ROOT}/Target Support Files/Pods-TheCoffeeHouse/Pods-TheCoffeeHouse-frameworks-${CONFIGURATION}-output-files.xcfilelist",
			);
			runOnlyForDeploymentPostprocessing = 0;
			shellPath = /bin/sh;
			shellScript = "\"${PODS_ROOT}/Target Support Files/Pods-TheCoffeeHouse/Pods-TheCoffeeHouse-frameworks.sh\"\n";
			showEnvVarsInLog = 0;
		};
/* End PBXShellScriptBuildPhase section */

/* Begin PBXSourcesBuildPhase section */
		CE1B8B24250FD2E200239BA8 /* Sources */ = {
			isa = PBXSourcesBuildPhase;
			buildActionMask = 2147483647;
			files = (
				CE4F5906252CCD5A00DEE77C /* UpdateFormHomeTableViewCell.swift in Sources */,
				CEE864702513868D003A5B8E /* HeaderInfoTableViewCell.swift in Sources */,
				CE0BCE8D2534B72E006BE94C /* IOSDevCenters+GIF.swift in Sources */,
				CE1926A325186BDE00E18437 /* ProductsCollectionViewCell.swift in Sources */,
				CE8DD7022510EDCF0071B66F /* SecondLoginViewController.swift in Sources */,
				CE1B8B53250FD5E200239BA8 /* StoreViewController.swift in Sources */,
				CE1B8B2C250FD2E300239BA8 /* AppDelegate.swift in Sources */,
				CE1B8B55250FD5F500239BA8 /* OderViewController.swift in Sources */,
				CE4F5901252C22B800DEE77C /* ProfileViewController.swift in Sources */,
				CE1B8B5D250FD72B00239BA8 /* RegisterViewController.swift in Sources */,
				CE3559E22513C85200F5B81D /* NewsTableViewCell.swift in Sources */,
				CEFC5B9C252DAA2C00369CA5 /* MusicTableViewCell.swift in Sources */,
				CEE8646125135271003A5B8E /* ItemsNewsCollectionViewCell.swift in Sources */,
				CEC18B722539A04B00AB857E /* ForgotPassEmailViewController.swift in Sources */,
				CE1B8B57250FD60800239BA8 /* NewsViewController.swift in Sources */,
				CE1B8B2E250FD2E300239BA8 /* SceneDelegate.swift in Sources */,
				CE1B8B51250FD5CF00239BA8 /* AccountViewController.swift in Sources */,
				CE1B8B46250FD4C700239BA8 /* Extensions.swift in Sources */,
				CE78DBD32525B9770010AE97 /* DBManager.swift in Sources */,
				CE3559E62513E4F300F5B81D /* NewsHeaderTableViewCell.swift in Sources */,
				CE4F590A252CCD6B00DEE77C /* CoffeeLoveTableViewCell.swift in Sources */,
				CE1B8B48250FD4D400239BA8 /* AuthManager.swift in Sources */,
				CEFC5BA0252DAE7400369CA5 /* IntroduceTableViewCell.swift in Sources */,
				CE1B8B4A250FD4E400239BA8 /* Storage.swift in Sources */,
				CE3559EA25148A6700F5B81D /* AccountTableViewCell.swift in Sources */,
				CEC18B70253990CB00AB857E /* LoginEmailViewController.swift in Sources */,
				CE1B8B4C250FD4F700239BA8 /* Models.swift in Sources */,
				CE1B8B5B250FD6C600239BA8 /* LoginViewController.swift in Sources */,
			);
			runOnlyForDeploymentPostprocessing = 0;
		};
/* End PBXSourcesBuildPhase section */

/* Begin PBXVariantGroup section */
		CE1B8B31250FD2E300239BA8 /* Main.storyboard */ = {
			isa = PBXVariantGroup;
			children = (
				CE1B8B32250FD2E300239BA8 /* Base */,
			);
			name = Main.storyboard;
			sourceTree = "<group>";
		};
		CE1B8B36250FD2E500239BA8 /* LaunchScreen.storyboard */ = {
			isa = PBXVariantGroup;
			children = (
				CE1B8B37250FD2E500239BA8 /* Base */,
			);
			name = LaunchScreen.storyboard;
			sourceTree = "<group>";
		};
/* End PBXVariantGroup section */

/* Begin XCBuildConfiguration section */
		CE1B8B3A250FD2E500239BA8 /* Debug */ = {
			isa = XCBuildConfiguration;
			buildSettings = {
				ALWAYS_SEARCH_USER_PATHS = NO;
				CLANG_ANALYZER_NONNULL = YES;
				CLANG_ANALYZER_NUMBER_OBJECT_CONVERSION = YES_AGGRESSIVE;
				CLANG_CXX_LANGUAGE_STANDARD = "gnu++14";
				CLANG_CXX_LIBRARY = "libc++";
				CLANG_ENABLE_MODULES = YES;
				CLANG_ENABLE_OBJC_ARC = YES;
				CLANG_ENABLE_OBJC_WEAK = YES;
				CLANG_WARN_BLOCK_CAPTURE_AUTORELEASING = YES;
				CLANG_WARN_BOOL_CONVERSION = YES;
				CLANG_WARN_COMMA = YES;
				CLANG_WARN_CONSTANT_CONVERSION = YES;
				CLANG_WARN_DEPRECATED_OBJC_IMPLEMENTATIONS = YES;
				CLANG_WARN_DIRECT_OBJC_ISA_USAGE = YES_ERROR;
				CLANG_WARN_DOCUMENTATION_COMMENTS = YES;
				CLANG_WARN_EMPTY_BODY = YES;
				CLANG_WARN_ENUM_CONVERSION = YES;
				CLANG_WARN_INFINITE_RECURSION = YES;
				CLANG_WARN_INT_CONVERSION = YES;
				CLANG_WARN_NON_LITERAL_NULL_CONVERSION = YES;
				CLANG_WARN_OBJC_IMPLICIT_RETAIN_SELF = YES;
				CLANG_WARN_OBJC_LITERAL_CONVERSION = YES;
				CLANG_WARN_OBJC_ROOT_CLASS = YES_ERROR;
				CLANG_WARN_RANGE_LOOP_ANALYSIS = YES;
				CLANG_WARN_STRICT_PROTOTYPES = YES;
				CLANG_WARN_SUSPICIOUS_MOVE = YES;
				CLANG_WARN_UNGUARDED_AVAILABILITY = YES_AGGRESSIVE;
				CLANG_WARN_UNREACHABLE_CODE = YES;
				CLANG_WARN__DUPLICATE_METHOD_MATCH = YES;
				COPY_PHASE_STRIP = NO;
				DEBUG_INFORMATION_FORMAT = dwarf;
				ENABLE_STRICT_OBJC_MSGSEND = YES;
				ENABLE_TESTABILITY = YES;
				GCC_C_LANGUAGE_STANDARD = gnu11;
				GCC_DYNAMIC_NO_PIC = NO;
				GCC_NO_COMMON_BLOCKS = YES;
				GCC_OPTIMIZATION_LEVEL = 0;
				GCC_PREPROCESSOR_DEFINITIONS = (
					"DEBUG=1",
					"$(inherited)",
				);
				GCC_WARN_64_TO_32_BIT_CONVERSION = YES;
				GCC_WARN_ABOUT_RETURN_TYPE = YES_ERROR;
				GCC_WARN_UNDECLARED_SELECTOR = YES;
				GCC_WARN_UNINITIALIZED_AUTOS = YES_AGGRESSIVE;
				GCC_WARN_UNUSED_FUNCTION = YES;
				GCC_WARN_UNUSED_VARIABLE = YES;
				IPHONEOS_DEPLOYMENT_TARGET = 13.2;
				MTL_ENABLE_DEBUG_INFO = INCLUDE_SOURCE;
				MTL_FAST_MATH = YES;
				ONLY_ACTIVE_ARCH = YES;
				SDKROOT = iphoneos;
				SWIFT_ACTIVE_COMPILATION_CONDITIONS = DEBUG;
				SWIFT_OPTIMIZATION_LEVEL = "-Onone";
			};
			name = Debug;
		};
		CE1B8B3B250FD2E500239BA8 /* Release */ = {
			isa = XCBuildConfiguration;
			buildSettings = {
				ALWAYS_SEARCH_USER_PATHS = NO;
				CLANG_ANALYZER_NONNULL = YES;
				CLANG_ANALYZER_NUMBER_OBJECT_CONVERSION = YES_AGGRESSIVE;
				CLANG_CXX_LANGUAGE_STANDARD = "gnu++14";
				CLANG_CXX_LIBRARY = "libc++";
				CLANG_ENABLE_MODULES = YES;
				CLANG_ENABLE_OBJC_ARC = YES;
				CLANG_ENABLE_OBJC_WEAK = YES;
				CLANG_WARN_BLOCK_CAPTURE_AUTORELEASING = YES;
				CLANG_WARN_BOOL_CONVERSION = YES;
				CLANG_WARN_COMMA = YES;
				CLANG_WARN_CONSTANT_CONVERSION = YES;
				CLANG_WARN_DEPRECATED_OBJC_IMPLEMENTATIONS = YES;
				CLANG_WARN_DIRECT_OBJC_ISA_USAGE = YES_ERROR;
				CLANG_WARN_DOCUMENTATION_COMMENTS = YES;
				CLANG_WARN_EMPTY_BODY = YES;
				CLANG_WARN_ENUM_CONVERSION = YES;
				CLANG_WARN_INFINITE_RECURSION = YES;
				CLANG_WARN_INT_CONVERSION = YES;
				CLANG_WARN_NON_LITERAL_NULL_CONVERSION = YES;
				CLANG_WARN_OBJC_IMPLICIT_RETAIN_SELF = YES;
				CLANG_WARN_OBJC_LITERAL_CONVERSION = YES;
				CLANG_WARN_OBJC_ROOT_CLASS = YES_ERROR;
				CLANG_WARN_RANGE_LOOP_ANALYSIS = YES;
				CLANG_WARN_STRICT_PROTOTYPES = YES;
				CLANG_WARN_SUSPICIOUS_MOVE = YES;
				CLANG_WARN_UNGUARDED_AVAILABILITY = YES_AGGRESSIVE;
				CLANG_WARN_UNREACHABLE_CODE = YES;
				CLANG_WARN__DUPLICATE_METHOD_MATCH = YES;
				COPY_PHASE_STRIP = NO;
				DEBUG_INFORMATION_FORMAT = "dwarf-with-dsym";
				ENABLE_NS_ASSERTIONS = NO;
				ENABLE_STRICT_OBJC_MSGSEND = YES;
				GCC_C_LANGUAGE_STANDARD = gnu11;
				GCC_NO_COMMON_BLOCKS = YES;
				GCC_WARN_64_TO_32_BIT_CONVERSION = YES;
				GCC_WARN_ABOUT_RETURN_TYPE = YES_ERROR;
				GCC_WARN_UNDECLARED_SELECTOR = YES;
				GCC_WARN_UNINITIALIZED_AUTOS = YES_AGGRESSIVE;
				GCC_WARN_UNUSED_FUNCTION = YES;
				GCC_WARN_UNUSED_VARIABLE = YES;
				IPHONEOS_DEPLOYMENT_TARGET = 13.2;
				MTL_ENABLE_DEBUG_INFO = NO;
				MTL_FAST_MATH = YES;
				SDKROOT = iphoneos;
				SWIFT_COMPILATION_MODE = wholemodule;
				SWIFT_OPTIMIZATION_LEVEL = "-O";
				VALIDATE_PRODUCT = YES;
			};
			name = Release;
		};
		CE1B8B3D250FD2E500239BA8 /* Debug */ = {
			isa = XCBuildConfiguration;
			baseConfigurationReference = 699BE6662A6BFB9DE928C02B /* Pods-TheCoffeeHouse.debug.xcconfig */;
			buildSettings = {
				ASSETCATALOG_COMPILER_APPICON_NAME = AppIcon;
				CODE_SIGN_STYLE = Automatic;
				DEVELOPMENT_TEAM = 42BJ859V33;
				INFOPLIST_FILE = TheCoffeeHouse/Info.plist;
				LD_RUNPATH_SEARCH_PATHS = (
					"$(inherited)",
					"@executable_path/Frameworks",
				);
				PRODUCT_BUNDLE_IDENTIFIER = "-.TheCoffeeHouse";
				PRODUCT_NAME = "$(TARGET_NAME)";
				SWIFT_VERSION = 5.0;
				TARGETED_DEVICE_FAMILY = "1,2";
			};
			name = Debug;
		};
		CE1B8B3E250FD2E500239BA8 /* Release */ = {
			isa = XCBuildConfiguration;
			baseConfigurationReference = 6F6AD15C090CA089D1DE53B1 /* Pods-TheCoffeeHouse.release.xcconfig */;
			buildSettings = {
				ASSETCATALOG_COMPILER_APPICON_NAME = AppIcon;
				CODE_SIGN_STYLE = Automatic;
				DEVELOPMENT_TEAM = 42BJ859V33;
				INFOPLIST_FILE = TheCoffeeHouse/Info.plist;
				LD_RUNPATH_SEARCH_PATHS = (
					"$(inherited)",
					"@executable_path/Frameworks",
				);
				PRODUCT_BUNDLE_IDENTIFIER = "-.TheCoffeeHouse";
				PRODUCT_NAME = "$(TARGET_NAME)";
				SWIFT_VERSION = 5.0;
				TARGETED_DEVICE_FAMILY = "1,2";
			};
			name = Release;
		};
/* End XCBuildConfiguration section */

/* Begin XCConfigurationList section */
		CE1B8B23250FD2E200239BA8 /* Build configuration list for PBXProject "TheCoffeeHouse" */ = {
			isa = XCConfigurationList;
			buildConfigurations = (
				CE1B8B3A250FD2E500239BA8 /* Debug */,
				CE1B8B3B250FD2E500239BA8 /* Release */,
			);
			defaultConfigurationIsVisible = 0;
			defaultConfigurationName = Release;
		};
		CE1B8B3C250FD2E500239BA8 /* Build configuration list for PBXNativeTarget "TheCoffeeHouse" */ = {
			isa = XCConfigurationList;
			buildConfigurations = (
				CE1B8B3D250FD2E500239BA8 /* Debug */,
				CE1B8B3E250FD2E500239BA8 /* Release */,
			);
			defaultConfigurationIsVisible = 0;
			defaultConfigurationName = Release;
		};
/* End XCConfigurationList section */

/* Begin XCRemoteSwiftPackageReference section */
		CEC18B2325388A8400AB857E /* XCRemoteSwiftPackageReference "facebook-ios-sdk" */ = {
			isa = XCRemoteSwiftPackageReference;
			repositoryURL = "https://github.com/facebook/facebook-ios-sdk";
			requirement = {
				kind = upToNextMajorVersion;
				minimumVersion = 8.0.0;
			};
		};
/* End XCRemoteSwiftPackageReference section */

/* Begin XCSwiftPackageProductDependency section */
		CEC18B2425388A8400AB857E /* FacebookShare */ = {
			isa = XCSwiftPackageProductDependency;
			package = CEC18B2325388A8400AB857E /* XCRemoteSwiftPackageReference "facebook-ios-sdk" */;
			productName = FacebookShare;
		};
		CEC18B2625388A8400AB857E /* FacebookCore */ = {
			isa = XCSwiftPackageProductDependency;
			package = CEC18B2325388A8400AB857E /* XCRemoteSwiftPackageReference "facebook-ios-sdk" */;
			productName = FacebookCore;
		};
		CEC18B2825388A8400AB857E /* FacebookLogin */ = {
			isa = XCSwiftPackageProductDependency;
			package = CEC18B2325388A8400AB857E /* XCRemoteSwiftPackageReference "facebook-ios-sdk" */;
			productName = FacebookLogin;
		};
/* End XCSwiftPackageProductDependency section */
	};
	rootObject = CE1B8B20250FD2E200239BA8 /* Project object */;
}
